// !$*UTF8*$!
{
	archiveVersion = 1;
	classes = {
	};
	objectVersion = 56;
	objects = {

/* Begin PBXBuildFile section */
		8709F8742BA4F14F000CCA81 /* GoogleService-Info.plist in Resources */ = {isa = PBXBuildFile; fileRef = 8709F8732BA4F14F000CCA81 /* GoogleService-Info.plist */; };
		8709F87A2BA5B458000CCA81 /* Color-Theme.swift in Sources */ = {isa = PBXBuildFile; fileRef = 8709F8792BA5B458000CCA81 /* Color-Theme.swift */; };
		8709F88B2BAB7836000CCA81 /* CurrencyFormatter.swift in Sources */ = {isa = PBXBuildFile; fileRef = 8709F88A2BAB7836000CCA81 /* CurrencyFormatter.swift */; };
		8709F88E2BAB7E9C000CCA81 /* CustomerView-ViewModel.swift in Sources */ = {isa = PBXBuildFile; fileRef = 8709F88D2BAB7E9C000CCA81 /* CustomerView-ViewModel.swift */; };
		8709F8922BBAD555000CCA81 /* ProfileView.swift in Sources */ = {isa = PBXBuildFile; fileRef = 8709F8912BBAD555000CCA81 /* ProfileView.swift */; };
		8709F8942BBAD561000CCA81 /* AdminProfileView.swift in Sources */ = {isa = PBXBuildFile; fileRef = 8709F8932BBAD561000CCA81 /* AdminProfileView.swift */; };
		8709F8962BBAD56B000CCA81 /* GuestProfileView.swift in Sources */ = {isa = PBXBuildFile; fileRef = 8709F8952BBAD56B000CCA81 /* GuestProfileView.swift */; };
		8711485D2B9C72D0005C53F5 /* UploadSuccessView.swift in Sources */ = {isa = PBXBuildFile; fileRef = 8711485C2B9C72D0005C53F5 /* UploadSuccessView.swift */; };
		8711485F2B9CE533005C53F5 /* User.swift in Sources */ = {isa = PBXBuildFile; fileRef = 8711485E2B9CE533005C53F5 /* User.swift */; };
		871148612B9CE5B5005C53F5 /* UserRole.swift in Sources */ = {isa = PBXBuildFile; fileRef = 871148602B9CE5B5005C53F5 /* UserRole.swift */; };
		871148642B9CF362005C53F5 /* LoginView.swift in Sources */ = {isa = PBXBuildFile; fileRef = 871148632B9CF362005C53F5 /* LoginView.swift */; };
		871148662B9CF36A005C53F5 /* RegistrationView.swift in Sources */ = {isa = PBXBuildFile; fileRef = 871148652B9CF36A005C53F5 /* RegistrationView.swift */; };
		8711486D2B9DB481005C53F5 /* CustomerProfileView.swift in Sources */ = {isa = PBXBuildFile; fileRef = 8711486C2B9DB481005C53F5 /* CustomerProfileView.swift */; };
		871148722B9FA7CD005C53F5 /* AuthViewModel.swift in Sources */ = {isa = PBXBuildFile; fileRef = 871148712B9FA7CD005C53F5 /* AuthViewModel.swift */; };
		871148772B9FAB7D005C53F5 /* FirebaseAuth in Frameworks */ = {isa = PBXBuildFile; productRef = 871148762B9FAB7D005C53F5 /* FirebaseAuth */; };
		871148792B9FAB7D005C53F5 /* FirebaseFirestore in Frameworks */ = {isa = PBXBuildFile; productRef = 871148782B9FAB7D005C53F5 /* FirebaseFirestore */; };
		8711487B2B9FAB7D005C53F5 /* FirebaseFirestoreSwift in Frameworks */ = {isa = PBXBuildFile; productRef = 8711487A2B9FAB7D005C53F5 /* FirebaseFirestoreSwift */; };
		871148812BA0B68F005C53F5 /* ContentView.swift in Sources */ = {isa = PBXBuildFile; fileRef = 871148802BA0B68F005C53F5 /* ContentView.swift */; };
		871148832BA0B71B005C53F5 /* AdminView.swift in Sources */ = {isa = PBXBuildFile; fileRef = 871148822BA0B71B005C53F5 /* AdminView.swift */; };
		871148852BA0B72C005C53F5 /* CustomerView.swift in Sources */ = {isa = PBXBuildFile; fileRef = 871148842BA0B72C005C53F5 /* CustomerView.swift */; };
		873B206E2BCFF25E00E197BC /* ProductFormView.swift in Sources */ = {isa = PBXBuildFile; fileRef = 873B206D2BCFF25E00E197BC /* ProductFormView.swift */; };
		873E408A2B7D4AD400158507 /* ShopAtTBEApp.swift in Sources */ = {isa = PBXBuildFile; fileRef = 873E40892B7D4AD400158507 /* ShopAtTBEApp.swift */; };
		873E408C2B7D4AD400158507 /* RootView.swift in Sources */ = {isa = PBXBuildFile; fileRef = 873E408B2B7D4AD400158507 /* RootView.swift */; };
		873E408E2B7D4AE100158507 /* Assets.xcassets in Resources */ = {isa = PBXBuildFile; fileRef = 873E408D2B7D4AE100158507 /* Assets.xcassets */; };
		873E40912B7D4AE100158507 /* Preview Assets.xcassets in Resources */ = {isa = PBXBuildFile; fileRef = 873E40902B7D4AE100158507 /* Preview Assets.xcassets */; };
		873E40992B7D4CAD00158507 /* CatalogView.swift in Sources */ = {isa = PBXBuildFile; fileRef = 873E40982B7D4CAD00158507 /* CatalogView.swift */; };
		873E409B2B7D4ECA00158507 /* ProductView.swift in Sources */ = {isa = PBXBuildFile; fileRef = 873E409A2B7D4ECA00158507 /* ProductView.swift */; };
		873E409D2B7D504500158507 /* ProductDetailView.swift in Sources */ = {isa = PBXBuildFile; fileRef = 873E409C2B7D504500158507 /* ProductDetailView.swift */; };
		873E40C32B8675B200158507 /* Product.swift in Sources */ = {isa = PBXBuildFile; fileRef = 873E40C22B8675B200158507 /* Product.swift */; };
		8757B84C2C026FD000F4BCBF /* CartItemView.swift in Sources */ = {isa = PBXBuildFile; fileRef = 8757B84A2C026FD000F4BCBF /* CartItemView.swift */; };
		8757B84D2C026FD000F4BCBF /* CartView.swift in Sources */ = {isa = PBXBuildFile; fileRef = 8757B84B2C026FD000F4BCBF /* CartView.swift */; };
		876826282B8A47EC004C5EC0 /* AddInventoryItemView.swift in Sources */ = {isa = PBXBuildFile; fileRef = 876826272B8A47EC004C5EC0 /* AddInventoryItemView.swift */; };
		8768262A2B8A4A08004C5EC0 /* UpdateInventoryItemView.swift in Sources */ = {isa = PBXBuildFile; fileRef = 876826292B8A4A08004C5EC0 /* UpdateInventoryItemView.swift */; };
		8768262F2B8AAEC0004C5EC0 /* ManageInventoryView-ViewModel.swift in Sources */ = {isa = PBXBuildFile; fileRef = 8768262E2B8AAEC0004C5EC0 /* ManageInventoryView-ViewModel.swift */; };
		8768263A2B97B9FE004C5EC0 /* CatalogView-ViewModel.swift in Sources */ = {isa = PBXBuildFile; fileRef = 876826392B97B9FE004C5EC0 /* CatalogView-ViewModel.swift */; };
		8768263D2B97BBC9004C5EC0 /* RecordType.swift in Sources */ = {isa = PBXBuildFile; fileRef = 8768263C2B97BBC9004C5EC0 /* RecordType.swift */; };
		8768263F2B97BE67004C5EC0 /* JewelleryType.swift in Sources */ = {isa = PBXBuildFile; fileRef = 8768263E2B97BE67004C5EC0 /* JewelleryType.swift */; };
		877A5B162BDE516C002D2D12 /* ImageZoom.swift in Sources */ = {isa = PBXBuildFile; fileRef = 877A5B152BDE516C002D2D12 /* ImageZoom.swift */; };
		877A5B1E2BE65C07002D2D12 /* ScrollableTabBar.swift in Sources */ = {isa = PBXBuildFile; fileRef = 877A5B1D2BE65C07002D2D12 /* ScrollableTabBar.swift */; };
		878E38B42C02707C00D3965F /* CartItem.swift in Sources */ = {isa = PBXBuildFile; fileRef = 878E38B32C02707C00D3965F /* CartItem.swift */; };
		879C22C92BD02B380042A367 /* CloudKit-Extensions.swift in Sources */ = {isa = PBXBuildFile; fileRef = 879C22C82BD02B380042A367 /* CloudKit-Extensions.swift */; };
		879C22CB2BD02E110042A367 /* PhotoPickerItem-Extensions.swift in Sources */ = {isa = PBXBuildFile; fileRef = 879C22CA2BD02E110042A367 /* PhotoPickerItem-Extensions.swift */; };
		87D402522BDAFE32003CE097 /* SideBar.swift in Sources */ = {isa = PBXBuildFile; fileRef = 87D402512BDAFE32003CE097 /* SideBar.swift */; };
		87D402542BDBC7D9003CE097 /* SideBarMenuView.swift in Sources */ = {isa = PBXBuildFile; fileRef = 87D402532BDBC7D9003CE097 /* SideBarMenuView.swift */; };
		87F0436F2BCBDB8C00FCC003 /* ManageInventoryView.swift in Sources */ = {isa = PBXBuildFile; fileRef = 87F0436E2BCBDB8C00FCC003 /* ManageInventoryView.swift */; };
		87F043712BCBF1FE00FCC003 /* View-Extensions.swift in Sources */ = {isa = PBXBuildFile; fileRef = 87F043702BCBF1FE00FCC003 /* View-Extensions.swift */; };
/* End PBXBuildFile section */

/* Begin PBXFileReference section */
		8709F8732BA4F14F000CCA81 /* GoogleService-Info.plist */ = {isa = PBXFileReference; fileEncoding = 4; lastKnownFileType = text.plist.xml; name = "GoogleService-Info.plist"; path = "ShopAtTBE/GoogleService-Info.plist"; sourceTree = "<group>"; };
		8709F8792BA5B458000CCA81 /* Color-Theme.swift */ = {isa = PBXFileReference; lastKnownFileType = sourcecode.swift; name = "Color-Theme.swift"; path = "ShopAtTBE/Views/Authentication/Color-Theme.swift"; sourceTree = SOURCE_ROOT; };
		8709F88A2BAB7836000CCA81 /* CurrencyFormatter.swift */ = {isa = PBXFileReference; lastKnownFileType = sourcecode.swift; path = CurrencyFormatter.swift; sourceTree = "<group>"; };
		8709F88D2BAB7E9C000CCA81 /* CustomerView-ViewModel.swift */ = {isa = PBXFileReference; lastKnownFileType = sourcecode.swift; path = "CustomerView-ViewModel.swift"; sourceTree = "<group>"; };
		8709F8912BBAD555000CCA81 /* ProfileView.swift */ = {isa = PBXFileReference; lastKnownFileType = sourcecode.swift; path = ProfileView.swift; sourceTree = "<group>"; };
		8709F8932BBAD561000CCA81 /* AdminProfileView.swift */ = {isa = PBXFileReference; lastKnownFileType = sourcecode.swift; path = AdminProfileView.swift; sourceTree = "<group>"; };
		8709F8952BBAD56B000CCA81 /* GuestProfileView.swift */ = {isa = PBXFileReference; lastKnownFileType = sourcecode.swift; path = GuestProfileView.swift; sourceTree = "<group>"; };
		8709F89F2BC33E24000CCA81 /* Info.plist */ = {isa = PBXFileReference; lastKnownFileType = text.plist; path = Info.plist; sourceTree = "<group>"; };
		8711485C2B9C72D0005C53F5 /* UploadSuccessView.swift */ = {isa = PBXFileReference; lastKnownFileType = sourcecode.swift; path = UploadSuccessView.swift; sourceTree = "<group>"; };
		8711485E2B9CE533005C53F5 /* User.swift */ = {isa = PBXFileReference; lastKnownFileType = sourcecode.swift; path = User.swift; sourceTree = "<group>"; };
		871148602B9CE5B5005C53F5 /* UserRole.swift */ = {isa = PBXFileReference; lastKnownFileType = sourcecode.swift; path = UserRole.swift; sourceTree = "<group>"; };
		871148632B9CF362005C53F5 /* LoginView.swift */ = {isa = PBXFileReference; lastKnownFileType = sourcecode.swift; path = LoginView.swift; sourceTree = "<group>"; };
		871148652B9CF36A005C53F5 /* RegistrationView.swift */ = {isa = PBXFileReference; lastKnownFileType = sourcecode.swift; path = RegistrationView.swift; sourceTree = "<group>"; };
		8711486C2B9DB481005C53F5 /* CustomerProfileView.swift */ = {isa = PBXFileReference; lastKnownFileType = sourcecode.swift; path = CustomerProfileView.swift; sourceTree = "<group>"; };
		871148712B9FA7CD005C53F5 /* AuthViewModel.swift */ = {isa = PBXFileReference; lastKnownFileType = sourcecode.swift; path = AuthViewModel.swift; sourceTree = "<group>"; };
		871148802BA0B68F005C53F5 /* ContentView.swift */ = {isa = PBXFileReference; lastKnownFileType = sourcecode.swift; path = ContentView.swift; sourceTree = "<group>"; };
		871148822BA0B71B005C53F5 /* AdminView.swift */ = {isa = PBXFileReference; lastKnownFileType = sourcecode.swift; path = AdminView.swift; sourceTree = "<group>"; };
		871148842BA0B72C005C53F5 /* CustomerView.swift */ = {isa = PBXFileReference; lastKnownFileType = sourcecode.swift; path = CustomerView.swift; sourceTree = "<group>"; };
		873B206D2BCFF25E00E197BC /* ProductFormView.swift */ = {isa = PBXFileReference; lastKnownFileType = sourcecode.swift; path = ProductFormView.swift; sourceTree = "<group>"; };
		873E40862B7D4AD400158507 /* ShopAtTBE.app */ = {isa = PBXFileReference; explicitFileType = wrapper.application; includeInIndex = 0; path = ShopAtTBE.app; sourceTree = BUILT_PRODUCTS_DIR; };
		873E40892B7D4AD400158507 /* ShopAtTBEApp.swift */ = {isa = PBXFileReference; lastKnownFileType = sourcecode.swift; path = ShopAtTBEApp.swift; sourceTree = "<group>"; };
		873E408B2B7D4AD400158507 /* RootView.swift */ = {isa = PBXFileReference; lastKnownFileType = sourcecode.swift; path = RootView.swift; sourceTree = "<group>"; };
		873E408D2B7D4AE100158507 /* Assets.xcassets */ = {isa = PBXFileReference; lastKnownFileType = folder.assetcatalog; path = Assets.xcassets; sourceTree = "<group>"; };
		873E40902B7D4AE100158507 /* Preview Assets.xcassets */ = {isa = PBXFileReference; lastKnownFileType = folder.assetcatalog; path = "Preview Assets.xcassets"; sourceTree = "<group>"; };
		873E40982B7D4CAD00158507 /* CatalogView.swift */ = {isa = PBXFileReference; lastKnownFileType = sourcecode.swift; path = CatalogView.swift; sourceTree = "<group>"; };
		873E409A2B7D4ECA00158507 /* ProductView.swift */ = {isa = PBXFileReference; lastKnownFileType = sourcecode.swift; path = ProductView.swift; sourceTree = "<group>"; };
		873E409C2B7D504500158507 /* ProductDetailView.swift */ = {isa = PBXFileReference; lastKnownFileType = sourcecode.swift; path = ProductDetailView.swift; sourceTree = "<group>"; };
		873E40A52B83D04D00158507 /* ShopAtTBE.entitlements */ = {isa = PBXFileReference; lastKnownFileType = text.plist.entitlements; path = ShopAtTBE.entitlements; sourceTree = "<group>"; };
		873E40C22B8675B200158507 /* Product.swift */ = {isa = PBXFileReference; lastKnownFileType = sourcecode.swift; path = Product.swift; sourceTree = "<group>"; };
		8757B84A2C026FD000F4BCBF /* CartItemView.swift */ = {isa = PBXFileReference; fileEncoding = 4; lastKnownFileType = sourcecode.swift; path = CartItemView.swift; sourceTree = "<group>"; };
		8757B84B2C026FD000F4BCBF /* CartView.swift */ = {isa = PBXFileReference; fileEncoding = 4; lastKnownFileType = sourcecode.swift; path = CartView.swift; sourceTree = "<group>"; };
		876826272B8A47EC004C5EC0 /* AddInventoryItemView.swift */ = {isa = PBXFileReference; lastKnownFileType = sourcecode.swift; path = AddInventoryItemView.swift; sourceTree = "<group>"; };
		876826292B8A4A08004C5EC0 /* UpdateInventoryItemView.swift */ = {isa = PBXFileReference; lastKnownFileType = sourcecode.swift; path = UpdateInventoryItemView.swift; sourceTree = "<group>"; };
		8768262E2B8AAEC0004C5EC0 /* ManageInventoryView-ViewModel.swift */ = {isa = PBXFileReference; lastKnownFileType = sourcecode.swift; path = "ManageInventoryView-ViewModel.swift"; sourceTree = "<group>"; };
		876826392B97B9FE004C5EC0 /* CatalogView-ViewModel.swift */ = {isa = PBXFileReference; lastKnownFileType = sourcecode.swift; path = "CatalogView-ViewModel.swift"; sourceTree = "<group>"; };
		8768263C2B97BBC9004C5EC0 /* RecordType.swift */ = {isa = PBXFileReference; lastKnownFileType = sourcecode.swift; path = RecordType.swift; sourceTree = "<group>"; };
		8768263E2B97BE67004C5EC0 /* JewelleryType.swift */ = {isa = PBXFileReference; lastKnownFileType = sourcecode.swift; path = JewelleryType.swift; sourceTree = "<group>"; };
		877A5B152BDE516C002D2D12 /* ImageZoom.swift */ = {isa = PBXFileReference; lastKnownFileType = sourcecode.swift; path = ImageZoom.swift; sourceTree = "<group>"; };
		877A5B1D2BE65C07002D2D12 /* ScrollableTabBar.swift */ = {isa = PBXFileReference; lastKnownFileType = sourcecode.swift; path = ScrollableTabBar.swift; sourceTree = "<group>"; };
		878E38B32C02707C00D3965F /* CartItem.swift */ = {isa = PBXFileReference; fileEncoding = 4; lastKnownFileType = sourcecode.swift; path = CartItem.swift; sourceTree = "<group>"; };
		879C22C82BD02B380042A367 /* CloudKit-Extensions.swift */ = {isa = PBXFileReference; lastKnownFileType = sourcecode.swift; path = "CloudKit-Extensions.swift"; sourceTree = "<group>"; };
		879C22CA2BD02E110042A367 /* PhotoPickerItem-Extensions.swift */ = {isa = PBXFileReference; lastKnownFileType = sourcecode.swift; path = "PhotoPickerItem-Extensions.swift"; sourceTree = "<group>"; };
		87D402512BDAFE32003CE097 /* SideBar.swift */ = {isa = PBXFileReference; lastKnownFileType = sourcecode.swift; path = SideBar.swift; sourceTree = "<group>"; };
		87D402532BDBC7D9003CE097 /* SideBarMenuView.swift */ = {isa = PBXFileReference; lastKnownFileType = sourcecode.swift; path = SideBarMenuView.swift; sourceTree = "<group>"; };
		87F0436E2BCBDB8C00FCC003 /* ManageInventoryView.swift */ = {isa = PBXFileReference; lastKnownFileType = sourcecode.swift; path = ManageInventoryView.swift; sourceTree = "<group>"; };
		87F043702BCBF1FE00FCC003 /* View-Extensions.swift */ = {isa = PBXFileReference; lastKnownFileType = sourcecode.swift; path = "View-Extensions.swift"; sourceTree = "<group>"; };
/* End PBXFileReference section */

/* Begin PBXFrameworksBuildPhase section */
		873E40832B7D4AD400158507 /* Frameworks */ = {
			isa = PBXFrameworksBuildPhase;
			buildActionMask = 2147483647;
			files = (
				871148772B9FAB7D005C53F5 /* FirebaseAuth in Frameworks */,
				871148792B9FAB7D005C53F5 /* FirebaseFirestore in Frameworks */,
				8711487B2B9FAB7D005C53F5 /* FirebaseFirestoreSwift in Frameworks */,
			);
			runOnlyForDeploymentPostprocessing = 0;
		};
/* End PBXFrameworksBuildPhase section */

/* Begin PBXGroup section */
		8709F8892BAB7824000CCA81 /* Globals */ = {
			isa = PBXGroup;
			children = (
				8709F88A2BAB7836000CCA81 /* CurrencyFormatter.swift */,
			);
			path = Globals;
			sourceTree = "<group>";
		};
		8709F88C2BAB7E6F000CCA81 /* Root */ = {
			isa = PBXGroup;
			children = (
				8709F88D2BAB7E9C000CCA81 /* CustomerView-ViewModel.swift */,
			);
			path = Root;
			sourceTree = "<group>";
		};
		8709F8972BBAFB6B000CCA81 /* Components */ = {
			isa = PBXGroup;
			children = (
				877A5B1D2BE65C07002D2D12 /* ScrollableTabBar.swift */,
			);
			path = Components;
			sourceTree = "<group>";
		};
		871148622B9CF350005C53F5 /* Authentication */ = {
			isa = PBXGroup;
			children = (
				871148632B9CF362005C53F5 /* LoginView.swift */,
				871148652B9CF36A005C53F5 /* RegistrationView.swift */,
			);
			path = Authentication;
			sourceTree = "<group>";
		};
		8711486B2B9DB469005C53F5 /* Profile */ = {
			isa = PBXGroup;
			children = (
				8711486C2B9DB481005C53F5 /* CustomerProfileView.swift */,
				8709F8912BBAD555000CCA81 /* ProfileView.swift */,
				8709F8932BBAD561000CCA81 /* AdminProfileView.swift */,
				8709F8952BBAD56B000CCA81 /* GuestProfileView.swift */,
				87D402532BDBC7D9003CE097 /* SideBarMenuView.swift */,
			);
			path = Profile;
			sourceTree = "<group>";
		};
		871148702B9FA7B6005C53F5 /* Authentication */ = {
			isa = PBXGroup;
			children = (
				871148712B9FA7CD005C53F5 /* AuthViewModel.swift */,
			);
			path = Authentication;
			sourceTree = "<group>";
		};
		873E407D2B7D4AD400158507 = {
			isa = PBXGroup;
			children = (
				8709F8732BA4F14F000CCA81 /* GoogleService-Info.plist */,
				873E40882B7D4AD400158507 /* ShopAtTBE */,
				873E40872B7D4AD400158507 /* Products */,
			);
			sourceTree = "<group>";
		};
		873E40872B7D4AD400158507 /* Products */ = {
			isa = PBXGroup;
			children = (
				873E40862B7D4AD400158507 /* ShopAtTBE.app */,
			);
			name = Products;
			sourceTree = "<group>";
		};
		873E40882B7D4AD400158507 /* ShopAtTBE */ = {
			isa = PBXGroup;
			children = (
				8709F89F2BC33E24000CCA81 /* Info.plist */,
				873E40892B7D4AD400158507 /* ShopAtTBEApp.swift */,
				873E40A52B83D04D00158507 /* ShopAtTBE.entitlements */,
				8768263B2B97BBAE004C5EC0 /* Enums */,
				876826302B8ABD37004C5EC0 /* Extensions */,
				8709F8892BAB7824000CCA81 /* Globals */,
				873E40C12B86759F00158507 /* Models */,
				873E40972B7D4C9800158507 /* Views */,
				873E40C42B867CE600158507 /* ViewModels */,
				87D402502BDAFE14003CE097 /* ViewModifiers */,
				873E408D2B7D4AE100158507 /* Assets.xcassets */,
				873E408F2B7D4AE100158507 /* Preview Content */,
			);
			path = ShopAtTBE;
			sourceTree = "<group>";
		};
		873E408F2B7D4AE100158507 /* Preview Content */ = {
			isa = PBXGroup;
			children = (
				873E40902B7D4AE100158507 /* Preview Assets.xcassets */,
			);
			path = "Preview Content";
			sourceTree = "<group>";
		};
		873E40972B7D4C9800158507 /* Views */ = {
			isa = PBXGroup;
			children = (
				871148622B9CF350005C53F5 /* Authentication */,
				876826372B8D322D004C5EC0 /* Checkout */,
				8709F8972BBAFB6B000CCA81 /* Components */,
				876826242B8A4699004C5EC0 /* Inventory */,
				876826352B8D31F3004C5EC0 /* Product */,
				8711486B2B9DB469005C53F5 /* Profile */,
				876826362B8D3217004C5EC0 /* Root */,
			);
			path = Views;
			sourceTree = "<group>";
		};
		873E40C12B86759F00158507 /* Models */ = {
			isa = PBXGroup;
			children = (
				878E38B32C02707C00D3965F /* CartItem.swift */,
				873E40C22B8675B200158507 /* Product.swift */,
				8711485E2B9CE533005C53F5 /* User.swift */,
			);
			path = Models;
			sourceTree = "<group>";
		};
		873E40C42B867CE600158507 /* ViewModels */ = {
			isa = PBXGroup;
			children = (
				8709F88C2BAB7E6F000CCA81 /* Root */,
				871148702B9FA7B6005C53F5 /* Authentication */,
				876826382B97B9A0004C5EC0 /* Product */,
				8768262D2B8AAE9A004C5EC0 /* Inventory */,
			);
			path = ViewModels;
			sourceTree = "<group>";
		};
		876826242B8A4699004C5EC0 /* Inventory */ = {
			isa = PBXGroup;
			children = (
				876826272B8A47EC004C5EC0 /* AddInventoryItemView.swift */,
				876826292B8A4A08004C5EC0 /* UpdateInventoryItemView.swift */,
				8711485C2B9C72D0005C53F5 /* UploadSuccessView.swift */,
				87F0436E2BCBDB8C00FCC003 /* ManageInventoryView.swift */,
				873B206D2BCFF25E00E197BC /* ProductFormView.swift */,
			);
			path = Inventory;
			sourceTree = "<group>";
		};
		8768262D2B8AAE9A004C5EC0 /* Inventory */ = {
			isa = PBXGroup;
			children = (
				8768262E2B8AAEC0004C5EC0 /* ManageInventoryView-ViewModel.swift */,
			);
			path = Inventory;
			sourceTree = "<group>";
		};
		876826302B8ABD37004C5EC0 /* Extensions */ = {
			isa = PBXGroup;
			children = (
				8709F8792BA5B458000CCA81 /* Color-Theme.swift */,
				87F043702BCBF1FE00FCC003 /* View-Extensions.swift */,
				879C22C82BD02B380042A367 /* CloudKit-Extensions.swift */,
				879C22CA2BD02E110042A367 /* PhotoPickerItem-Extensions.swift */,
			);
			path = Extensions;
			sourceTree = "<group>";
		};
		876826352B8D31F3004C5EC0 /* Product */ = {
			isa = PBXGroup;
			children = (
				873E40982B7D4CAD00158507 /* CatalogView.swift */,
				873E409A2B7D4ECA00158507 /* ProductView.swift */,
				873E409C2B7D504500158507 /* ProductDetailView.swift */,
			);
			path = Product;
			sourceTree = "<group>";
		};
		876826362B8D3217004C5EC0 /* Root */ = {
			isa = PBXGroup;
			children = (
				873E408B2B7D4AD400158507 /* RootView.swift */,
				871148802BA0B68F005C53F5 /* ContentView.swift */,
				871148822BA0B71B005C53F5 /* AdminView.swift */,
				871148842BA0B72C005C53F5 /* CustomerView.swift */,
			);
			path = Root;
			sourceTree = "<group>";
		};
		876826372B8D322D004C5EC0 /* Checkout */ = {
			isa = PBXGroup;
			children = (
				8757B84A2C026FD000F4BCBF /* CartItemView.swift */,
				8757B84B2C026FD000F4BCBF /* CartView.swift */,
			);
			path = Checkout;
			sourceTree = "<group>";
		};
		876826382B97B9A0004C5EC0 /* Product */ = {
			isa = PBXGroup;
			children = (
				876826392B97B9FE004C5EC0 /* CatalogView-ViewModel.swift */,
			);
			path = Product;
			sourceTree = "<group>";
		};
		8768263B2B97BBAE004C5EC0 /* Enums */ = {
			isa = PBXGroup;
			children = (
				8768263C2B97BBC9004C5EC0 /* RecordType.swift */,
				8768263E2B97BE67004C5EC0 /* JewelleryType.swift */,
				871148602B9CE5B5005C53F5 /* UserRole.swift */,
			);
			path = Enums;
			sourceTree = "<group>";
		};
		87D402502BDAFE14003CE097 /* ViewModifiers */ = {
			isa = PBXGroup;
			children = (
				87D402512BDAFE32003CE097 /* SideBar.swift */,
				877A5B152BDE516C002D2D12 /* ImageZoom.swift */,
			);
			path = ViewModifiers;
			sourceTree = "<group>";
		};
/* End PBXGroup section */

/* Begin PBXNativeTarget section */
		873E40852B7D4AD400158507 /* ShopAtTBE */ = {
			isa = PBXNativeTarget;
			buildConfigurationList = 873E40942B7D4AE100158507 /* Build configuration list for PBXNativeTarget "ShopAtTBE" */;
			buildPhases = (
				873E40822B7D4AD400158507 /* Sources */,
				873E40832B7D4AD400158507 /* Frameworks */,
				873E40842B7D4AD400158507 /* Resources */,
			);
			buildRules = (
			);
			dependencies = (
			);
			name = ShopAtTBE;
			packageProductDependencies = (
				871148762B9FAB7D005C53F5 /* FirebaseAuth */,
				871148782B9FAB7D005C53F5 /* FirebaseFirestore */,
				8711487A2B9FAB7D005C53F5 /* FirebaseFirestoreSwift */,
			);
			productName = ShopAtTBE;
			productReference = 873E40862B7D4AD400158507 /* ShopAtTBE.app */;
			productType = "com.apple.product-type.application";
		};
/* End PBXNativeTarget section */

/* Begin PBXProject section */
		873E407E2B7D4AD400158507 /* Project object */ = {
			isa = PBXProject;
			attributes = {
				BuildIndependentTargetsInParallel = 1;
				LastSwiftUpdateCheck = 1520;
				LastUpgradeCheck = 1520;
				TargetAttributes = {
					873E40852B7D4AD400158507 = {
						CreatedOnToolsVersion = 15.2;
					};
				};
			};
			buildConfigurationList = 873E40812B7D4AD400158507 /* Build configuration list for PBXProject "ShopAtTBE" */;
			compatibilityVersion = "Xcode 14.0";
			developmentRegion = en;
			hasScannedForEncodings = 0;
			knownRegions = (
				en,
				Base,
			);
			mainGroup = 873E407D2B7D4AD400158507;
			packageReferences = (
				871148752B9FAB7D005C53F5 /* XCRemoteSwiftPackageReference "firebase-ios-sdk" */,
			);
			productRefGroup = 873E40872B7D4AD400158507 /* Products */;
			projectDirPath = "";
			projectRoot = "";
			targets = (
				873E40852B7D4AD400158507 /* ShopAtTBE */,
			);
		};
/* End PBXProject section */

/* Begin PBXResourcesBuildPhase section */
		873E40842B7D4AD400158507 /* Resources */ = {
			isa = PBXResourcesBuildPhase;
			buildActionMask = 2147483647;
			files = (
				873E40912B7D4AE100158507 /* Preview Assets.xcassets in Resources */,
				873E408E2B7D4AE100158507 /* Assets.xcassets in Resources */,
				8709F8742BA4F14F000CCA81 /* GoogleService-Info.plist in Resources */,
			);
			runOnlyForDeploymentPostprocessing = 0;
		};
/* End PBXResourcesBuildPhase section */

/* Begin PBXSourcesBuildPhase section */
		873E40822B7D4AD400158507 /* Sources */ = {
			isa = PBXSourcesBuildPhase;
			buildActionMask = 2147483647;
			files = (
				8768262F2B8AAEC0004C5EC0 /* ManageInventoryView-ViewModel.swift in Sources */,
				8768262A2B8A4A08004C5EC0 /* UpdateInventoryItemView.swift in Sources */,
				871148852BA0B72C005C53F5 /* CustomerView.swift in Sources */,
				873E409B2B7D4ECA00158507 /* ProductView.swift in Sources */,
				871148612B9CE5B5005C53F5 /* UserRole.swift in Sources */,
				8709F8962BBAD56B000CCA81 /* GuestProfileView.swift in Sources */,
				8757B84D2C026FD000F4BCBF /* CartView.swift in Sources */,
				87D402542BDBC7D9003CE097 /* SideBarMenuView.swift in Sources */,
				8709F88B2BAB7836000CCA81 /* CurrencyFormatter.swift in Sources */,
				873E409D2B7D504500158507 /* ProductDetailView.swift in Sources */,
				8711485F2B9CE533005C53F5 /* User.swift in Sources */,
				87D402522BDAFE32003CE097 /* SideBar.swift in Sources */,
				8711486D2B9DB481005C53F5 /* CustomerProfileView.swift in Sources */,
				8711485D2B9C72D0005C53F5 /* UploadSuccessView.swift in Sources */,
				877A5B1E2BE65C07002D2D12 /* ScrollableTabBar.swift in Sources */,
				87F0436F2BCBDB8C00FCC003 /* ManageInventoryView.swift in Sources */,
				8709F88E2BAB7E9C000CCA81 /* CustomerView-ViewModel.swift in Sources */,
				878E38B42C02707C00D3965F /* CartItem.swift in Sources */,
				873E40992B7D4CAD00158507 /* CatalogView.swift in Sources */,
				8768263F2B97BE67004C5EC0 /* JewelleryType.swift in Sources */,
				871148812BA0B68F005C53F5 /* ContentView.swift in Sources */,
				8709F87A2BA5B458000CCA81 /* Color-Theme.swift in Sources */,
				8757B84C2C026FD000F4BCBF /* CartItemView.swift in Sources */,
				873E408C2B7D4AD400158507 /* RootView.swift in Sources */,
				871148642B9CF362005C53F5 /* LoginView.swift in Sources */,
				873B206E2BCFF25E00E197BC /* ProductFormView.swift in Sources */,
				8709F8942BBAD561000CCA81 /* AdminProfileView.swift in Sources */,
				871148662B9CF36A005C53F5 /* RegistrationView.swift in Sources */,
				8709F8922BBAD555000CCA81 /* ProfileView.swift in Sources */,
				8768263A2B97B9FE004C5EC0 /* CatalogView-ViewModel.swift in Sources */,
				877A5B162BDE516C002D2D12 /* ImageZoom.swift in Sources */,
				873E408A2B7D4AD400158507 /* ShopAtTBEApp.swift in Sources */,
				871148832BA0B71B005C53F5 /* AdminView.swift in Sources */,
				879C22C92BD02B380042A367 /* CloudKit-Extensions.swift in Sources */,
				871148722B9FA7CD005C53F5 /* AuthViewModel.swift in Sources */,
				873E40C32B8675B200158507 /* Product.swift in Sources */,
				876826282B8A47EC004C5EC0 /* AddInventoryItemView.swift in Sources */,
				8768263D2B97BBC9004C5EC0 /* RecordType.swift in Sources */,
				87F043712BCBF1FE00FCC003 /* View-Extensions.swift in Sources */,
				879C22CB2BD02E110042A367 /* PhotoPickerItem-Extensions.swift in Sources */,
			);
			runOnlyForDeploymentPostprocessing = 0;
		};
/* End PBXSourcesBuildPhase section */

/* Begin XCBuildConfiguration section */
		873E40922B7D4AE100158507 /* Debug */ = {
			isa = XCBuildConfiguration;
			buildSettings = {
				ALWAYS_SEARCH_USER_PATHS = NO;
				ASSETCATALOG_COMPILER_GENERATE_SWIFT_ASSET_SYMBOL_EXTENSIONS = YES;
				CLANG_ANALYZER_NONNULL = YES;
				CLANG_ANALYZER_NUMBER_OBJECT_CONVERSION = YES_AGGRESSIVE;
				CLANG_CXX_LANGUAGE_STANDARD = "gnu++20";
				CLANG_ENABLE_MODULES = YES;
				CLANG_ENABLE_OBJC_ARC = YES;
				CLANG_ENABLE_OBJC_WEAK = YES;
				CLANG_WARN_BLOCK_CAPTURE_AUTORELEASING = YES;
				CLANG_WARN_BOOL_CONVERSION = YES;
				CLANG_WARN_COMMA = YES;
				CLANG_WARN_CONSTANT_CONVERSION = YES;
				CLANG_WARN_DEPRECATED_OBJC_IMPLEMENTATIONS = YES;
				CLANG_WARN_DIRECT_OBJC_ISA_USAGE = YES_ERROR;
				CLANG_WARN_DOCUMENTATION_COMMENTS = YES;
				CLANG_WARN_EMPTY_BODY = YES;
				CLANG_WARN_ENUM_CONVERSION = YES;
				CLANG_WARN_INFINITE_RECURSION = YES;
				CLANG_WARN_INT_CONVERSION = YES;
				CLANG_WARN_NON_LITERAL_NULL_CONVERSION = YES;
				CLANG_WARN_OBJC_IMPLICIT_RETAIN_SELF = YES;
				CLANG_WARN_OBJC_LITERAL_CONVERSION = YES;
				CLANG_WARN_OBJC_ROOT_CLASS = YES_ERROR;
				CLANG_WARN_QUOTED_INCLUDE_IN_FRAMEWORK_HEADER = YES;
				CLANG_WARN_RANGE_LOOP_ANALYSIS = YES;
				CLANG_WARN_STRICT_PROTOTYPES = YES;
				CLANG_WARN_SUSPICIOUS_MOVE = YES;
				CLANG_WARN_UNGUARDED_AVAILABILITY = YES_AGGRESSIVE;
				CLANG_WARN_UNREACHABLE_CODE = YES;
				CLANG_WARN__DUPLICATE_METHOD_MATCH = YES;
				COPY_PHASE_STRIP = NO;
				DEBUG_INFORMATION_FORMAT = dwarf;
				ENABLE_STRICT_OBJC_MSGSEND = YES;
				ENABLE_TESTABILITY = YES;
				ENABLE_USER_SCRIPT_SANDBOXING = YES;
				GCC_C_LANGUAGE_STANDARD = gnu17;
				GCC_DYNAMIC_NO_PIC = NO;
				GCC_NO_COMMON_BLOCKS = YES;
				GCC_OPTIMIZATION_LEVEL = 0;
				GCC_PREPROCESSOR_DEFINITIONS = (
					"DEBUG=1",
					"$(inherited)",
				);
				GCC_WARN_64_TO_32_BIT_CONVERSION = YES;
				GCC_WARN_ABOUT_RETURN_TYPE = YES_ERROR;
				GCC_WARN_UNDECLARED_SELECTOR = YES;
				GCC_WARN_UNINITIALIZED_AUTOS = YES_AGGRESSIVE;
				GCC_WARN_UNUSED_FUNCTION = YES;
				GCC_WARN_UNUSED_VARIABLE = YES;
				IPHONEOS_DEPLOYMENT_TARGET = 17.2;
				LOCALIZATION_PREFERS_STRING_CATALOGS = YES;
				MTL_ENABLE_DEBUG_INFO = INCLUDE_SOURCE;
				MTL_FAST_MATH = YES;
				ONLY_ACTIVE_ARCH = YES;
				SDKROOT = iphoneos;
				SWIFT_ACTIVE_COMPILATION_CONDITIONS = "DEBUG $(inherited)";
				SWIFT_OPTIMIZATION_LEVEL = "-Onone";
			};
			name = Debug;
		};
		873E40932B7D4AE100158507 /* Release */ = {
			isa = XCBuildConfiguration;
			buildSettings = {
				ALWAYS_SEARCH_USER_PATHS = NO;
				ASSETCATALOG_COMPILER_GENERATE_SWIFT_ASSET_SYMBOL_EXTENSIONS = YES;
				CLANG_ANALYZER_NONNULL = YES;
				CLANG_ANALYZER_NUMBER_OBJECT_CONVERSION = YES_AGGRESSIVE;
				CLANG_CXX_LANGUAGE_STANDARD = "gnu++20";
				CLANG_ENABLE_MODULES = YES;
				CLANG_ENABLE_OBJC_ARC = YES;
				CLANG_ENABLE_OBJC_WEAK = YES;
				CLANG_WARN_BLOCK_CAPTURE_AUTORELEASING = YES;
				CLANG_WARN_BOOL_CONVERSION = YES;
				CLANG_WARN_COMMA = YES;
				CLANG_WARN_CONSTANT_CONVERSION = YES;
				CLANG_WARN_DEPRECATED_OBJC_IMPLEMENTATIONS = YES;
				CLANG_WARN_DIRECT_OBJC_ISA_USAGE = YES_ERROR;
				CLANG_WARN_DOCUMENTATION_COMMENTS = YES;
				CLANG_WARN_EMPTY_BODY = YES;
				CLANG_WARN_ENUM_CONVERSION = YES;
				CLANG_WARN_INFINITE_RECURSION = YES;
				CLANG_WARN_INT_CONVERSION = YES;
				CLANG_WARN_NON_LITERAL_NULL_CONVERSION = YES;
				CLANG_WARN_OBJC_IMPLICIT_RETAIN_SELF = YES;
				CLANG_WARN_OBJC_LITERAL_CONVERSION = YES;
				CLANG_WARN_OBJC_ROOT_CLASS = YES_ERROR;
				CLANG_WARN_QUOTED_INCLUDE_IN_FRAMEWORK_HEADER = YES;
				CLANG_WARN_RANGE_LOOP_ANALYSIS = YES;
				CLANG_WARN_STRICT_PROTOTYPES = YES;
				CLANG_WARN_SUSPICIOUS_MOVE = YES;
				CLANG_WARN_UNGUARDED_AVAILABILITY = YES_AGGRESSIVE;
				CLANG_WARN_UNREACHABLE_CODE = YES;
				CLANG_WARN__DUPLICATE_METHOD_MATCH = YES;
				COPY_PHASE_STRIP = NO;
				DEBUG_INFORMATION_FORMAT = "dwarf-with-dsym";
				ENABLE_NS_ASSERTIONS = NO;
				ENABLE_STRICT_OBJC_MSGSEND = YES;
				ENABLE_USER_SCRIPT_SANDBOXING = YES;
				GCC_C_LANGUAGE_STANDARD = gnu17;
				GCC_NO_COMMON_BLOCKS = YES;
				GCC_WARN_64_TO_32_BIT_CONVERSION = YES;
				GCC_WARN_ABOUT_RETURN_TYPE = YES_ERROR;
				GCC_WARN_UNDECLARED_SELECTOR = YES;
				GCC_WARN_UNINITIALIZED_AUTOS = YES_AGGRESSIVE;
				GCC_WARN_UNUSED_FUNCTION = YES;
				GCC_WARN_UNUSED_VARIABLE = YES;
				IPHONEOS_DEPLOYMENT_TARGET = 17.2;
				LOCALIZATION_PREFERS_STRING_CATALOGS = YES;
				MTL_ENABLE_DEBUG_INFO = NO;
				MTL_FAST_MATH = YES;
				SDKROOT = iphoneos;
				SWIFT_COMPILATION_MODE = wholemodule;
				VALIDATE_PRODUCT = YES;
			};
			name = Release;
		};
		873E40952B7D4AE100158507 /* Debug */ = {
			isa = XCBuildConfiguration;
			buildSettings = {
				ASSETCATALOG_COMPILER_APPICON_NAME = AppIcon;
				ASSETCATALOG_COMPILER_GLOBAL_ACCENT_COLOR_NAME = AccentColor;
				CODE_SIGN_ENTITLEMENTS = ShopAtTBE/ShopAtTBE.entitlements;
				CODE_SIGN_IDENTITY = "Apple Development";
				CODE_SIGN_STYLE = Automatic;
				CURRENT_PROJECT_VERSION = 1;
				DEVELOPMENT_ASSET_PATHS = "\"ShopAtTBE/Preview Content\"";
				DEVELOPMENT_TEAM = R7FR75UNV8;
				ENABLE_PREVIEWS = YES;
				GENERATE_INFOPLIST_FILE = YES;
				INFOPLIST_FILE = ShopAtTBE/Info.plist;
				INFOPLIST_KEY_NSPhotoLibraryUsageDescription = "Access product photos to upload to database.";
				INFOPLIST_KEY_UIApplicationSceneManifest_Generation = YES;
				INFOPLIST_KEY_UIApplicationSupportsIndirectInputEvents = YES;
				INFOPLIST_KEY_UISupportedInterfaceOrientations_iPad = "UIInterfaceOrientationPortrait UIInterfaceOrientationPortraitUpsideDown UIInterfaceOrientationLandscapeLeft UIInterfaceOrientationLandscapeRight";
				INFOPLIST_KEY_UISupportedInterfaceOrientations_iPhone = "UIInterfaceOrientationPortrait UIInterfaceOrientationLandscapeLeft UIInterfaceOrientationLandscapeRight";
				LD_RUNPATH_SEARCH_PATHS = (
					"$(inherited)",
					"@executable_path/Frameworks",
				);
				MARKETING_VERSION = 1.0;
				PRODUCT_BUNDLE_IDENTIFIER = com.github.AdnanBox.ShopAtTBE;
				PRODUCT_NAME = "$(TARGET_NAME)";
				PROVISIONING_PROFILE_SPECIFIER = "";
				SWIFT_EMIT_LOC_STRINGS = YES;
				SWIFT_VERSION = 5.0;
				TARGETED_DEVICE_FAMILY = "1,2";
			};
			name = Debug;
		};
		873E40962B7D4AE100158507 /* Release */ = {
			isa = XCBuildConfiguration;
			buildSettings = {
				ASSETCATALOG_COMPILER_APPICON_NAME = AppIcon;
				ASSETCATALOG_COMPILER_GLOBAL_ACCENT_COLOR_NAME = AccentColor;
				CODE_SIGN_ENTITLEMENTS = ShopAtTBE/ShopAtTBE.entitlements;
				CODE_SIGN_IDENTITY = "Apple Development";
				CODE_SIGN_STYLE = Automatic;
				CURRENT_PROJECT_VERSION = 1;
				DEVELOPMENT_ASSET_PATHS = "\"ShopAtTBE/Preview Content\"";
				DEVELOPMENT_TEAM = R7FR75UNV8;
				ENABLE_PREVIEWS = YES;
				GENERATE_INFOPLIST_FILE = YES;
				INFOPLIST_FILE = ShopAtTBE/Info.plist;
				INFOPLIST_KEY_NSPhotoLibraryUsageDescription = "Access product photos to upload to database.";
				INFOPLIST_KEY_UIApplicationSceneManifest_Generation = YES;
				INFOPLIST_KEY_UIApplicationSupportsIndirectInputEvents = YES;
				INFOPLIST_KEY_UISupportedInterfaceOrientations_iPad = "UIInterfaceOrientationPortrait UIInterfaceOrientationPortraitUpsideDown UIInterfaceOrientationLandscapeLeft UIInterfaceOrientationLandscapeRight";
				INFOPLIST_KEY_UISupportedInterfaceOrientations_iPhone = "UIInterfaceOrientationPortrait UIInterfaceOrientationLandscapeLeft UIInterfaceOrientationLandscapeRight";
				LD_RUNPATH_SEARCH_PATHS = (
					"$(inherited)",
					"@executable_path/Frameworks",
				);
				MARKETING_VERSION = 1.0;
				PRODUCT_BUNDLE_IDENTIFIER = com.github.AdnanBox.ShopAtTBE;
				PRODUCT_NAME = "$(TARGET_NAME)";
				PROVISIONING_PROFILE_SPECIFIER = "";
				SWIFT_EMIT_LOC_STRINGS = YES;
				SWIFT_VERSION = 5.0;
				TARGETED_DEVICE_FAMILY = "1,2";
			};
			name = Release;
		};
/* End XCBuildConfiguration section */

/* Begin XCConfigurationList section */
		873E40812B7D4AD400158507 /* Build configuration list for PBXProject "ShopAtTBE" */ = {
			isa = XCConfigurationList;
			buildConfigurations = (
				873E40922B7D4AE100158507 /* Debug */,
				873E40932B7D4AE100158507 /* Release */,
			);
			defaultConfigurationIsVisible = 0;
			defaultConfigurationName = Release;
		};
		873E40942B7D4AE100158507 /* Build configuration list for PBXNativeTarget "ShopAtTBE" */ = {
			isa = XCConfigurationList;
			buildConfigurations = (
				873E40952B7D4AE100158507 /* Debug */,
				873E40962B7D4AE100158507 /* Release */,
			);
			defaultConfigurationIsVisible = 0;
			defaultConfigurationName = Release;
		};
/* End XCConfigurationList section */

/* Begin XCRemoteSwiftPackageReference section */
		871148752B9FAB7D005C53F5 /* XCRemoteSwiftPackageReference "firebase-ios-sdk" */ = {
			isa = XCRemoteSwiftPackageReference;
			repositoryURL = "https://github.com/firebase/firebase-ios-sdk";
			requirement = {
				kind = upToNextMajorVersion;
				minimumVersion = 10.22.1;
			};
		};
/* End XCRemoteSwiftPackageReference section */

/* Begin XCSwiftPackageProductDependency section */
		871148762B9FAB7D005C53F5 /* FirebaseAuth */ = {
			isa = XCSwiftPackageProductDependency;
			package = 871148752B9FAB7D005C53F5 /* XCRemoteSwiftPackageReference "firebase-ios-sdk" */;
			productName = FirebaseAuth;
		};
		871148782B9FAB7D005C53F5 /* FirebaseFirestore */ = {
			isa = XCSwiftPackageProductDependency;
			package = 871148752B9FAB7D005C53F5 /* XCRemoteSwiftPackageReference "firebase-ios-sdk" */;
			productName = FirebaseFirestore;
		};
		8711487A2B9FAB7D005C53F5 /* FirebaseFirestoreSwift */ = {
			isa = XCSwiftPackageProductDependency;
			package = 871148752B9FAB7D005C53F5 /* XCRemoteSwiftPackageReference "firebase-ios-sdk" */;
			productName = FirebaseFirestoreSwift;
		};
/* End XCSwiftPackageProductDependency section */
	};
	rootObject = 873E407E2B7D4AD400158507 /* Project object */;
}
